// !$*UTF8*$!
{
	archiveVersion = 1;
	classes = {
	};
	objectVersion = 46;
	objects = {

/* Begin PBXBuildFile section */
		01D38DE11B27E44700C7E5A4 /* RPSMatch.swift in Sources */ = {isa = PBXBuildFile; fileRef = 01D38DE01B27E44700C7E5A4 /* RPSMatch.swift */; };
		01D38DE31B27E47A00C7E5A4 /* RPS.swift in Sources */ = {isa = PBXBuildFile; fileRef = 01D38DE21B27E47A00C7E5A4 /* RPS.swift */; };
		01D38DE51B2818A000C7E5A4 /* ViewHistoryViewController.swift in Sources */ = {isa = PBXBuildFile; fileRef = 01D38DE41B2818A000C7E5A4 /* ViewHistoryViewController.swift */; };
		01E0AD821B159880007FC1AD /* AppDelegate.swift in Sources */ = {isa = PBXBuildFile; fileRef = 01E0AD811B159880007FC1AD /* AppDelegate.swift */; };
		01E0AD841B159880007FC1AD /* SelectMoveViewController.swift in Sources */ = {isa = PBXBuildFile; fileRef = 01E0AD831B159880007FC1AD /* SelectMoveViewController.swift */; };
		01E0AD871B159880007FC1AD /* Main.storyboard in Resources */ = {isa = PBXBuildFile; fileRef = 01E0AD851B159880007FC1AD /* Main.storyboard */; };
		01E0AD891B159880007FC1AD /* Images.xcassets in Resources */ = {isa = PBXBuildFile; fileRef = 01E0AD881B159880007FC1AD /* Images.xcassets */; };
		01E0AD8C1B159880007FC1AD /* LaunchScreen.xib in Resources */ = {isa = PBXBuildFile; fileRef = 01E0AD8A1B159880007FC1AD /* LaunchScreen.xib */; };
		01E0AD981B159880007FC1AD /* RoshamboTests.swift in Sources */ = {isa = PBXBuildFile; fileRef = 01E0AD971B159880007FC1AD /* RoshamboTests.swift */; };
		01E0ADA21B159FF2007FC1AD /* ResultsViewController.swift in Sources */ = {isa = PBXBuildFile; fileRef = 01E0ADA11B159FF2007FC1AD /* ResultsViewController.swift */; };
/* End PBXBuildFile section */

/* Begin PBXContainerItemProxy section */
		01E0AD921B159880007FC1AD /* PBXContainerItemProxy */ = {
			isa = PBXContainerItemProxy;
			containerPortal = 01E0AD741B159880007FC1AD /* Project object */;
			proxyType = 1;
			remoteGlobalIDString = 01E0AD7B1B159880007FC1AD;
			remoteInfo = Roshambo;
		};
/* End PBXContainerItemProxy section */

/* Begin PBXFileReference section */
		01D38DE01B27E44700C7E5A4 /* RPSMatch.swift */ = {isa = PBXFileReference; fileEncoding = 4; lastKnownFileType = sourcecode.swift; path = RPSMatch.swift; sourceTree = "<group>"; };
		01D38DE21B27E47A00C7E5A4 /* RPS.swift */ = {isa = PBXFileReference; fileEncoding = 4; lastKnownFileType = sourcecode.swift; path = RPS.swift; sourceTree = "<group>"; };
		01D38DE41B2818A000C7E5A4 /* ViewHistoryViewController.swift */ = {isa = PBXFileReference; fileEncoding = 4; lastKnownFileType = sourcecode.swift; path = ViewHistoryViewController.swift; sourceTree = "<group>"; };
		01E0AD7C1B159880007FC1AD /* Roshambo.app */ = {isa = PBXFileReference; explicitFileType = wrapper.application; includeInIndex = 0; path = Roshambo.app; sourceTree = BUILT_PRODUCTS_DIR; };
		01E0AD801B159880007FC1AD /* Info.plist */ = {isa = PBXFileReference; lastKnownFileType = text.plist.xml; path = Info.plist; sourceTree = "<group>"; };
		01E0AD811B159880007FC1AD /* AppDelegate.swift */ = {isa = PBXFileReference; lastKnownFileType = sourcecode.swift; path = AppDelegate.swift; sourceTree = "<group>"; };
		01E0AD831B159880007FC1AD /* SelectMoveViewController.swift */ = {isa = PBXFileReference; lastKnownFileType = sourcecode.swift; path = SelectMoveViewController.swift; sourceTree = "<group>"; };
		01E0AD861B159880007FC1AD /* Base */ = {isa = PBXFileReference; lastKnownFileType = file.storyboard; name = Base; path = Base.lproj/Main.storyboard; sourceTree = "<group>"; };
		01E0AD881B159880007FC1AD /* Images.xcassets */ = {isa = PBXFileReference; lastKnownFileType = folder.assetcatalog; path = Images.xcassets; sourceTree = "<group>"; };
		01E0AD8B1B159880007FC1AD /* Base */ = {isa = PBXFileReference; lastKnownFileType = file.xib; name = Base; path = Base.lproj/LaunchScreen.xib; sourceTree = "<group>"; };
		01E0AD911B159880007FC1AD /* RoshamboTests.xctest */ = {isa = PBXFileReference; explicitFileType = wrapper.cfbundle; includeInIndex = 0; path = RoshamboTests.xctest; sourceTree = BUILT_PRODUCTS_DIR; };
		01E0AD961B159880007FC1AD /* Info.plist */ = {isa = PBXFileReference; lastKnownFileType = text.plist.xml; path = Info.plist; sourceTree = "<group>"; };
		01E0AD971B159880007FC1AD /* RoshamboTests.swift */ = {isa = PBXFileReference; lastKnownFileType = sourcecode.swift; path = RoshamboTests.swift; sourceTree = "<group>"; };
		01E0ADA11B159FF2007FC1AD /* ResultsViewController.swift */ = {isa = PBXFileReference; fileEncoding = 4; lastKnownFileType = sourcecode.swift; path = ResultsViewController.swift; sourceTree = "<group>"; };
/* End PBXFileReference section */

/* Begin PBXFrameworksBuildPhase section */
		01E0AD791B159880007FC1AD /* Frameworks */ = {
			isa = PBXFrameworksBuildPhase;
			buildActionMask = 2147483647;
			files = (
			);
			runOnlyForDeploymentPostprocessing = 0;
		};
		01E0AD8E1B159880007FC1AD /* Frameworks */ = {
			isa = PBXFrameworksBuildPhase;
			buildActionMask = 2147483647;
			files = (
			);
			runOnlyForDeploymentPostprocessing = 0;
		};
/* End PBXFrameworksBuildPhase section */

/* Begin PBXGroup section */
		01E0AD731B159880007FC1AD = {
			isa = PBXGroup;
			children = (
				01E0AD7E1B159880007FC1AD /* Roshambo */,
				01E0AD941B159880007FC1AD /* RoshamboTests */,
				01E0AD7D1B159880007FC1AD /* Products */,
			);
			sourceTree = "<group>";
		};
		01E0AD7D1B159880007FC1AD /* Products */ = {
			isa = PBXGroup;
			children = (
				01E0AD7C1B159880007FC1AD /* Roshambo.app */,
				01E0AD911B159880007FC1AD /* RoshamboTests.xctest */,
			);
			name = Products;
			sourceTree = "<group>";
		};
		01E0AD7E1B159880007FC1AD /* Roshambo */ = {
			isa = PBXGroup;
			children = (
				01E0AD811B159880007FC1AD /* AppDelegate.swift */,
				01E0AD831B159880007FC1AD /* SelectMoveViewController.swift */,
				01E0AD851B159880007FC1AD /* Main.storyboard */,
				01D38DE41B2818A000C7E5A4 /* ViewHistoryViewController.swift */,
				01E0ADA11B159FF2007FC1AD /* ResultsViewController.swift */,
				01E0AD881B159880007FC1AD /* Images.xcassets */,
				01E0AD8A1B159880007FC1AD /* LaunchScreen.xib */,
				01E0AD7F1B159880007FC1AD /* Supporting Files */,
				01D38DE01B27E44700C7E5A4 /* RPSMatch.swift */,
				01D38DE21B27E47A00C7E5A4 /* RPS.swift */,
			);
			path = Roshambo;
			sourceTree = "<group>";
		};
		01E0AD7F1B159880007FC1AD /* Supporting Files */ = {
			isa = PBXGroup;
			children = (
				01E0AD801B159880007FC1AD /* Info.plist */,
			);
			name = "Supporting Files";
			sourceTree = "<group>";
		};
		01E0AD941B159880007FC1AD /* RoshamboTests */ = {
			isa = PBXGroup;
			children = (
				01E0AD971B159880007FC1AD /* RoshamboTests.swift */,
				01E0AD951B159880007FC1AD /* Supporting Files */,
			);
			path = RoshamboTests;
			sourceTree = "<group>";
		};
		01E0AD951B159880007FC1AD /* Supporting Files */ = {
			isa = PBXGroup;
			children = (
				01E0AD961B159880007FC1AD /* Info.plist */,
			);
			name = "Supporting Files";
			sourceTree = "<group>";
		};
/* End PBXGroup section */

/* Begin PBXNativeTarget section */
		01E0AD7B1B159880007FC1AD /* Roshambo */ = {
			isa = PBXNativeTarget;
			buildConfigurationList = 01E0AD9B1B159880007FC1AD /* Build configuration list for PBXNativeTarget "Roshambo" */;
			buildPhases = (
				01E0AD781B159880007FC1AD /* Sources */,
				01E0AD791B159880007FC1AD /* Frameworks */,
				01E0AD7A1B159880007FC1AD /* Resources */,
			);
			buildRules = (
			);
			dependencies = (
			);
			name = Roshambo;
			productName = Roshambo;
			productReference = 01E0AD7C1B159880007FC1AD /* Roshambo.app */;
			productType = "com.apple.product-type.application";
		};
		01E0AD901B159880007FC1AD /* RoshamboTests */ = {
			isa = PBXNativeTarget;
			buildConfigurationList = 01E0AD9E1B159880007FC1AD /* Build configuration list for PBXNativeTarget "RoshamboTests" */;
			buildPhases = (
				01E0AD8D1B159880007FC1AD /* Sources */,
				01E0AD8E1B159880007FC1AD /* Frameworks */,
				01E0AD8F1B159880007FC1AD /* Resources */,
			);
			buildRules = (
			);
			dependencies = (
				01E0AD931B159880007FC1AD /* PBXTargetDependency */,
			);
			name = RoshamboTests;
			productName = RoshamboTests;
			productReference = 01E0AD911B159880007FC1AD /* RoshamboTests.xctest */;
			productType = "com.apple.product-type.bundle.unit-test";
		};
/* End PBXNativeTarget section */

/* Begin PBXProject section */
		01E0AD741B159880007FC1AD /* Project object */ = {
			isa = PBXProject;
			attributes = {
				LastUpgradeCheck = 0630;
				ORGANIZATIONNAME = "Shiny New Software, LLC";
				TargetAttributes = {
					01E0AD7B1B159880007FC1AD = {
						CreatedOnToolsVersion = 6.3.2;
						DevelopmentTeam = 9YXWHALJFG;
					};
					01E0AD901B159880007FC1AD = {
						CreatedOnToolsVersion = 6.3.2;
						TestTargetID = 01E0AD7B1B159880007FC1AD;
					};
				};
			};
			buildConfigurationList = 01E0AD771B159880007FC1AD /* Build configuration list for PBXProject "Roshambo" */;
			compatibilityVersion = "Xcode 3.2";
			developmentRegion = English;
			hasScannedForEncodings = 0;
			knownRegions = (
				en,
				Base,
			);
			mainGroup = 01E0AD731B159880007FC1AD;
			productRefGroup = 01E0AD7D1B159880007FC1AD /* Products */;
			projectDirPath = "";
			projectRoot = "";
			targets = (
				01E0AD7B1B159880007FC1AD /* Roshambo */,
				01E0AD901B159880007FC1AD /* RoshamboTests */,
			);
		};
/* End PBXProject section */

/* Begin PBXResourcesBuildPhase section */
		01E0AD7A1B159880007FC1AD /* Resources */ = {
			isa = PBXResourcesBuildPhase;
			buildActionMask = 2147483647;
			files = (
				01E0AD871B159880007FC1AD /* Main.storyboard in Resources */,
				01E0AD8C1B159880007FC1AD /* LaunchScreen.xib in Resources */,
				01E0AD891B159880007FC1AD /* Images.xcassets in Resources */,
			);
			runOnlyForDeploymentPostprocessing = 0;
		};
		01E0AD8F1B159880007FC1AD /* Resources */ = {
			isa = PBXResourcesBuildPhase;
			buildActionMask = 2147483647;
			files = (
			);
			runOnlyForDeploymentPostprocessing = 0;
		};
/* End PBXResourcesBuildPhase section */

/* Begin PBXSourcesBuildPhase section */
		01E0AD781B159880007FC1AD /* Sources */ = {
			isa = PBXSourcesBuildPhase;
			buildActionMask = 2147483647;
			files = (
				01E0AD841B159880007FC1AD /* SelectMoveViewController.swift in Sources */,
				01E0AD821B159880007FC1AD /* AppDelegate.swift in Sources */,
				01E0ADA21B159FF2007FC1AD /* ResultsViewController.swift in Sources */,
				01D38DE11B27E44700C7E5A4 /* RPSMatch.swift in Sources */,
				01D38DE51B2818A000C7E5A4 /* ViewHistoryViewController.swift in Sources */,
				01D38DE31B27E47A00C7E5A4 /* RPS.swift in Sources */,
			);
			runOnlyForDeploymentPostprocessing = 0;
		};
		01E0AD8D1B159880007FC1AD /* Sources */ = {
			isa = PBXSourcesBuildPhase;
			buildActionMask = 2147483647;
			files = (
				01E0AD981B159880007FC1AD /* RoshamboTests.swift in Sources */,
			);
			runOnlyForDeploymentPostprocessing = 0;
		};
/* End PBXSourcesBuildPhase section */

/* Begin PBXTargetDependency section */
		01E0AD931B159880007FC1AD /* PBXTargetDependency */ = {
			isa = PBXTargetDependency;
			target = 01E0AD7B1B159880007FC1AD /* Roshambo */;
			targetProxy = 01E0AD921B159880007FC1AD /* PBXContainerItemProxy */;
		};
/* End PBXTargetDependency section */

/* Begin PBXVariantGroup section */
		01E0AD851B159880007FC1AD /* Main.storyboard */ = {
			isa = PBXVariantGroup;
			children = (
				01E0AD861B159880007FC1AD /* Base */,
			);
			name = Main.storyboard;
			sourceTree = "<group>";
		};
		01E0AD8A1B159880007FC1AD /* LaunchScreen.xib */ = {
			isa = PBXVariantGroup;
			children = (
				01E0AD8B1B159880007FC1AD /* Base */,
			);
			name = LaunchScreen.xib;
			sourceTree = "<group>";
		};
/* End PBXVariantGroup section */

/* Begin XCBuildConfiguration section */
		01E0AD991B159880007FC1AD /* Debug */ = {
			isa = XCBuildConfiguration;
			buildSettings = {
				ALWAYS_SEARCH_USER_PATHS = NO;
				CLANG_CXX_LANGUAGE_STANDARD = "gnu++0x";
				CLANG_CXX_LIBRARY = "libc++";
				CLANG_ENABLE_MODULES = YES;
				CLANG_ENABLE_OBJC_ARC = YES;
				CLANG_WARN_BOOL_CONVERSION = YES;
				CLANG_WARN_CONSTANT_CONVERSION = YES;
				CLANG_WARN_DIRECT_OBJC_ISA_USAGE = YES_ERROR;
				CLANG_WARN_EMPTY_BODY = YES;
				CLANG_WARN_ENUM_CONVERSION = YES;
				CLANG_WARN_INT_CONVERSION = YES;
				CLANG_WARN_OBJC_ROOT_CLASS = YES_ERROR;
				CLANG_WARN_UNREACHABLE_CODE = YES;
				CLANG_WARN__DUPLICATE_METHOD_MATCH = YES;
				"CODE_SIGN_IDENTITY[sdk=iphoneos*]" = "iPhone Developer";
				COPY_PHASE_STRIP = NO;
				DEBUG_INFORMATION_FORMAT = "dwarf-with-dsym";
				ENABLE_STRICT_OBJC_MSGSEND = YES;
				GCC_C_LANGUAGE_STANDARD = gnu99;
				GCC_DYNAMIC_NO_PIC = NO;
				GCC_NO_COMMON_BLOCKS = YES;
				GCC_OPTIMIZATION_LEVEL = 0;
				GCC_PREPROCESSOR_DEFINITIONS = (
					"DEBUG=1",
					"$(inherited)",
				);
				GCC_SYMBOLS_PRIVATE_EXTERN = NO;
				GCC_WARN_64_TO_32_BIT_CONVERSION = YES;
				GCC_WARN_ABOUT_RETURN_TYPE = YES_ERROR;
				GCC_WARN_UNDECLARED_SELECTOR = YES;
				GCC_WARN_UNINITIALIZED_AUTOS = YES_AGGRESSIVE;
				GCC_WARN_UNUSED_FUNCTION = YES;
				GCC_WARN_UNUSED_VARIABLE = YES;
				IPHONEOS_DEPLOYMENT_TARGET = 8.3;
				MTL_ENABLE_DEBUG_INFO = YES;
				ONLY_ACTIVE_ARCH = YES;
				SDKROOT = iphoneos;
				SWIFT_OPTIMIZATION_LEVEL = "-Onone";
			};
			name = Debug;
		};
		01E0AD9A1B159880007FC1AD /* Release */ = {
			isa = XCBuildConfiguration;
			buildSettings = {
				ALWAYS_SEARCH_USER_PATHS = NO;
				CLANG_CXX_LANGUAGE_STANDARD = "gnu++0x";
				CLANG_CXX_LIBRARY = "libc++";
				CLANG_ENABLE_MODULES = YES;
				CLANG_ENABLE_OBJC_ARC = YES;
				CLANG_WARN_BOOL_CONVERSION = YES;
				CLANG_WARN_CONSTANT_CONVERSION = YES;
				CLANG_WARN_DIRECT_OBJC_ISA_USAGE = YES_ERROR;
				CLANG_WARN_EMPTY_BODY = YES;
				CLANG_WARN_ENUM_CONVERSION = YES;
				CLANG_WARN_INT_CONVERSION = YES;
				CLANG_WARN_OBJC_ROOT_CLASS = YES_ERROR;
				CLANG_WARN_UNREACHABLE_CODE = YES;
				CLANG_WARN__DUPLICATE_METHOD_MATCH = YES;
				"CODE_SIGN_IDENTITY[sdk=iphoneos*]" = "iPhone Developer";
				COPY_PHASE_STRIP = NO;
				DEBUG_INFORMATION_FORMAT = "dwarf-with-dsym";
				ENABLE_NS_ASSERTIONS = NO;
				ENABLE_STRICT_OBJC_MSGSEND = YES;
				GCC_C_LANGUAGE_STANDARD = gnu99;
				GCC_NO_COMMON_BLOCKS = YES;
				GCC_WARN_64_TO_32_BIT_CONVERSION = YES;
				GCC_WARN_ABOUT_RETURN_TYPE = YES_ERROR;
				GCC_WARN_UNDECLARED_SELECTOR = YES;
				GCC_WARN_UNINITIALIZED_AUTOS = YES_AGGRESSIVE;
				GCC_WARN_UNUSED_FUNCTION = YES;
				GCC_WARN_UNUSED_VARIABLE = YES;
				IPHONEOS_DEPLOYMENT_TARGET = 8.3;
				MTL_ENABLE_DEBUG_INFO = NO;
				SDKROOT = iphoneos;
				VALIDATE_PRODUCT = YES;
			};
			name = Release;
		};
		01E0AD9C1B159880007FC1AD /* Debug */ = {
			isa = XCBuildConfiguration;
			buildSettings = {
				ASSETCATALOG_COMPILER_APPICON_NAME = AppIcon;
				CODE_SIGN_IDENTITY = "iPhone Developer";
				"CODE_SIGN_IDENTITY[sdk=iphoneos*]" = "iPhone Developer";
				INFOPLIST_FILE = Roshambo/Info.plist;
				LD_RUNPATH_SEARCH_PATHS = "$(inherited) @executable_path/Frameworks";
				PRODUCT_NAME = "$(TARGET_NAME)";
				PROVISIONING_PROFILE = "";
			};
			name = Debug;
		};
		01E0AD9D1B159880007FC1AD /* Release */ = {
			isa = XCBuildConfiguration;
			buildSettings = {
				ASSETCATALOG_COMPILER_APPICON_NAME = AppIcon;
				CODE_SIGN_IDENTITY = "iPhone Developer";
				"CODE_SIGN_IDENTITY[sdk=iphoneos*]" = "iPhone Developer";
				INFOPLIST_FILE = Roshambo/Info.plist;
				LD_RUNPATH_SEARCH_PATHS = "$(inherited) @executable_path/Frameworks";
				PRODUCT_NAME = "$(TARGET_NAME)";
				PROVISIONING_PROFILE = "";
			};
			name = Release;
		};
		01E0AD9F1B159880007FC1AD /* Debug */ = {
			isa = XCBuildConfiguration;
			buildSettings = {
				BUNDLE_LOADER = "$(TEST_HOST)";
				FRAMEWORK_SEARCH_PATHS = (
					"$(SDKROOT)/Developer/Library/Frameworks",
					"$(inherited)",
				);
				GCC_PREPROCESSOR_DEFINITIONS = (
					"DEBUG=1",
					"$(inherited)",
				);
				INFOPLIST_FILE = RoshamboTests/Info.plist;
				LD_RUNPATH_SEARCH_PATHS = "$(inherited) @executable_path/Frameworks @loader_path/Frameworks";
				PRODUCT_NAME = "$(TARGET_NAME)";
				TEST_HOST = "$(BUILT_PRODUCTS_DIR)/Roshambo.app/Roshambo";
			};
			name = Debug;
		};
		01E0ADA01B159880007FC1AD /* Release */ = {
			isa = XCBuildConfiguration;
			buildSettings = {
				BUNDLE_LOADER = "$(TEST_HOST)";
				FRAMEWORK_SEARCH_PATHS = (
					"$(SDKROOT)/Developer/Library/Frameworks",
					"$(inherited)",
				);
				INFOPLIST_FILE = RoshamboTests/Info.plist;
				LD_RUNPATH_SEARCH_PATHS = "$(inherited) @executable_path/Frameworks @loader_path/Frameworks";
				PRODUCT_NAME = "$(TARGET_NAME)";
				TEST_HOST = "$(BUILT_PRODUCTS_DIR)/Roshambo.app/Roshambo";
			};
			name = Release;
		};
/* End XCBuildConfiguration section */

/* Begin XCConfigurationList section */
		01E0AD771B159880007FC1AD /* Build configuration list for PBXProject "Roshambo" */ = {
			isa = XCConfigurationList;
			buildConfigurations = (
				01E0AD991B159880007FC1AD /* Debug */,
				01E0AD9A1B159880007FC1AD /* Release */,
			);
			defaultConfigurationIsVisible = 0;
			defaultConfigurationName = Release;
		};
		01E0AD9B1B159880007FC1AD /* Build configuration list for PBXNativeTarget "Roshambo" */ = {
			isa = XCConfigurationList;
			buildConfigurations = (
				01E0AD9C1B159880007FC1AD /* Debug */,
				01E0AD9D1B159880007FC1AD /* Release */,
			);
			defaultConfigurationIsVisible = 0;
			defaultConfigurationName = Release;
		};
		01E0AD9E1B159880007FC1AD /* Build configuration list for PBXNativeTarget "RoshamboTests" */ = {
			isa = XCConfigurationList;
			buildConfigurations = (
				01E0AD9F1B159880007FC1AD /* Debug */,
				01E0ADA01B159880007FC1AD /* Release */,
			);
			defaultConfigurationIsVisible = 0;
			defaultConfigurationName = Release;
		};
/* End XCConfigurationList section */
	};
	rootObject = 01E0AD741B159880007FC1AD /* Project object */;
}
